// !$*UTF8*$!
{
	archiveVersion = 1;
	classes = {
	};
	objectVersion = 52;
	objects = {

/* Begin PBXBuildFile section */
		20167229ADA92C89B7F1E14E /* Pods_testChat.framework in Frameworks */ = {isa = PBXBuildFile; fileRef = 7124D42508A535153F0FF8AB /* Pods_testChat.framework */; };
		932D1A2C05099DA7B74667E8 /* Pods_testChatTests.framework in Frameworks */ = {isa = PBXBuildFile; fileRef = 75EB006FA013D4607DFB74F8 /* Pods_testChatTests.framework */; };
		AF0BE1007F830C77288DD6D6 /* Pods_testChat_testChatUITests.framework in Frameworks */ = {isa = PBXBuildFile; fileRef = AC65906E920DA4A8CBC6931F /* Pods_testChat_testChatUITests.framework */; };
		B71763B4248639C100B98A6C /* LoginView.swift in Sources */ = {isa = PBXBuildFile; fileRef = B71763B3248639C100B98A6C /* LoginView.swift */; };
		B71763B624863A0300B98A6C /* RegisterView.swift in Sources */ = {isa = PBXBuildFile; fileRef = B71763B524863A0300B98A6C /* RegisterView.swift */; };
		B71763B82486402400B98A6C /* ErrorView.swift in Sources */ = {isa = PBXBuildFile; fileRef = B71763B72486402400B98A6C /* ErrorView.swift */; };
		B71763BA248641BF00B98A6C /* GoogleService-Info.plist in Resources */ = {isa = PBXBuildFile; fileRef = B71763B9248641BF00B98A6C /* GoogleService-Info.plist */; };
		B71763BC24864C1100B98A6C /* HomeScreenView.swift in Sources */ = {isa = PBXBuildFile; fileRef = B71763BB24864C1100B98A6C /* HomeScreenView.swift */; };
		B71763C224864DEE00B98A6C /* LoginVM.swift in Sources */ = {isa = PBXBuildFile; fileRef = B71763C124864DEE00B98A6C /* LoginVM.swift */; };
		B71763C624865C7100B98A6C /* CurrUserVM.swift in Sources */ = {isa = PBXBuildFile; fileRef = B71763C524865C7100B98A6C /* CurrUserVM.swift */; };
		B71763CA2486742000B98A6C /* ForgetPasswordView.swift in Sources */ = {isa = PBXBuildFile; fileRef = B71763C92486742000B98A6C /* ForgetPasswordView.swift */; };
		B723A6C1248E24E2008C7D8B /* TextView in Frameworks */ = {isa = PBXBuildFile; productRef = B723A6C0248E24E2008C7D8B /* TextView */; };
		B723A6C3248EB90B008C7D8B /* AllGroupsView.swift in Sources */ = {isa = PBXBuildFile; fileRef = B723A6C2248EB90B008C7D8B /* AllGroupsView.swift */; };
		B723A6C5248ECA25008C7D8B /* GroupView.swift in Sources */ = {isa = PBXBuildFile; fileRef = B723A6C4248ECA25008C7D8B /* GroupView.swift */; };
		B752A6DE2484F7EF00513FCF /* AppDelegate.swift in Sources */ = {isa = PBXBuildFile; fileRef = B752A6DD2484F7EF00513FCF /* AppDelegate.swift */; };
		B752A6E02484F7EF00513FCF /* SceneDelegate.swift in Sources */ = {isa = PBXBuildFile; fileRef = B752A6DF2484F7EF00513FCF /* SceneDelegate.swift */; };
		B752A6E22484F7EF00513FCF /* ContentView.swift in Sources */ = {isa = PBXBuildFile; fileRef = B752A6E12484F7EF00513FCF /* ContentView.swift */; };
		B752A6E42484F7F100513FCF /* Assets.xcassets in Resources */ = {isa = PBXBuildFile; fileRef = B752A6E32484F7F100513FCF /* Assets.xcassets */; };
		B752A6E72484F7F100513FCF /* Preview Assets.xcassets in Resources */ = {isa = PBXBuildFile; fileRef = B752A6E62484F7F100513FCF /* Preview Assets.xcassets */; };
		B752A6EA2484F7F100513FCF /* LaunchScreen.storyboard in Resources */ = {isa = PBXBuildFile; fileRef = B752A6E82484F7F100513FCF /* LaunchScreen.storyboard */; };
		B752A6F52484F7F100513FCF /* testChatTests.swift in Sources */ = {isa = PBXBuildFile; fileRef = B752A6F42484F7F100513FCF /* testChatTests.swift */; };
		B752A7002484F7F100513FCF /* testChatUITests.swift in Sources */ = {isa = PBXBuildFile; fileRef = B752A6FF2484F7F100513FCF /* testChatUITests.swift */; };
		B752A70E2484F87300513FCF /* MainView.swift in Sources */ = {isa = PBXBuildFile; fileRef = B752A70D2484F87300513FCF /* MainView.swift */; };
		B752A7102484F98700513FCF /* SettingsView.swift in Sources */ = {isa = PBXBuildFile; fileRef = B752A70F2484F98700513FCF /* SettingsView.swift */; };
		B752A7122484F9BC00513FCF /* MainLoginView.swift in Sources */ = {isa = PBXBuildFile; fileRef = B752A7112484F9BC00513FCF /* MainLoginView.swift */; };
		B7A3D2A02490B00900CBD7B1 /* MsgTail.swift in Sources */ = {isa = PBXBuildFile; fileRef = B7A3D29F2490B00900CBD7B1 /* MsgTail.swift */; };
		B7A3D2A22490B04100CBD7B1 /* RoundedShape.swift in Sources */ = {isa = PBXBuildFile; fileRef = B7A3D2A12490B04100CBD7B1 /* RoundedShape.swift */; };
		B7A3D2A42490B07C00CBD7B1 /* HomeCorenerShape.swift in Sources */ = {isa = PBXBuildFile; fileRef = B7A3D2A32490B07C00CBD7B1 /* HomeCorenerShape.swift */; };
		B7A3D2A82490C89A00CBD7B1 /* KeyboardHeightPublisher.swift in Sources */ = {isa = PBXBuildFile; fileRef = B7A3D2A62490C89A00CBD7B1 /* KeyboardHeightPublisher.swift */; };
		B7A3D2AD2490DE5500CBD7B1 /* UIResponder+Current.swift in Sources */ = {isa = PBXBuildFile; fileRef = B7A3D2AC2490DE5500CBD7B1 /* UIResponder+Current.swift */; };
		B7A3D2B02490F1EB00CBD7B1 /* TopGroupView.swift in Sources */ = {isa = PBXBuildFile; fileRef = B7A3D2AF2490F1EB00CBD7B1 /* TopGroupView.swift */; };
		B7A3D2B22490F30B00CBD7B1 /* GroupChetCell.swift in Sources */ = {isa = PBXBuildFile; fileRef = B7A3D2B12490F30B00CBD7B1 /* GroupChetCell.swift */; };
		B7A3D2B42490FC4800CBD7B1 /* TextShimmer.swift in Sources */ = {isa = PBXBuildFile; fileRef = B7A3D2B32490FC4800CBD7B1 /* TextShimmer.swift */; };
		B7D3C655249240BD00B974BB /* UserShimmer.swift in Sources */ = {isa = PBXBuildFile; fileRef = B7D3C654249240BD00B974BB /* UserShimmer.swift */; };
		B7D3C6572492628400B974BB /* AddNewGruopView.swift in Sources */ = {isa = PBXBuildFile; fileRef = B7D3C6562492628400B974BB /* AddNewGruopView.swift */; };
		B7D3C6592496166500B974BB /* AuthService.swift in Sources */ = {isa = PBXBuildFile; fileRef = B7D3C6582496166500B974BB /* AuthService.swift */; };
		B7D3C65C24962E2800B974BB /* ListScrollManagerView.swift in Sources */ = {isa = PBXBuildFile; fileRef = B7D3C65B24962E2800B974BB /* ListScrollManagerView.swift */; };
		B7D3C65E24974AE300B974BB /* MeView.swift in Sources */ = {isa = PBXBuildFile; fileRef = B7D3C65D24974AE300B974BB /* MeView.swift */; };
		B7EC4AB724878DF10035B496 /* DataService.swift in Sources */ = {isa = PBXBuildFile; fileRef = B7EC4AB624878DF10035B496 /* DataService.swift */; };
		B7EC4ABD24878F640035B496 /*  FeedVM.swift in Sources */ = {isa = PBXBuildFile; fileRef = B7EC4ABC24878F640035B496 /*  FeedVM.swift */; };
		B7EC4AC92487AE330035B496 /* User.swift in Sources */ = {isa = PBXBuildFile; fileRef = B7EC4AC62487AE320035B496 /* User.swift */; };
		B7EC4ACA2487AE330035B496 /* Group.swift in Sources */ = {isa = PBXBuildFile; fileRef = B7EC4AC72487AE320035B496 /* Group.swift */; };
		B7EC4ACB2487AE330035B496 /* Message.swift in Sources */ = {isa = PBXBuildFile; fileRef = B7EC4AC82487AE320035B496 /* Message.swift */; };
		B7EC4ACE2488DDFC0035B496 /* HomeTopView.swift in Sources */ = {isa = PBXBuildFile; fileRef = B7EC4ACD2488DDFC0035B496 /* HomeTopView.swift */; };
		B7EC4AD02488DE2B0035B496 /* HomeCenterView.swift in Sources */ = {isa = PBXBuildFile; fileRef = B7EC4ACF2488DE2B0035B496 /* HomeCenterView.swift */; };
		B7EC4AD22488E0080035B496 /* AddNewComment.swift in Sources */ = {isa = PBXBuildFile; fileRef = B7EC4AD12488E0080035B496 /* AddNewComment.swift */; };
		B7FD0C512497951500008BA6 /* TouchIDAuthentication.swift in Sources */ = {isa = PBXBuildFile; fileRef = B7FD0C502497951500008BA6 /* TouchIDAuthentication.swift */; };
		B7FD0C542497966D00008BA6 /* KeychainHelper.swift in Sources */ = {isa = PBXBuildFile; fileRef = B7FD0C522497966C00008BA6 /* KeychainHelper.swift */; };
		B7FD0C552497966D00008BA6 /* KeychainPasswordItem.swift in Sources */ = {isa = PBXBuildFile; fileRef = B7FD0C532497966D00008BA6 /* KeychainPasswordItem.swift */; };
/* End PBXBuildFile section */

/* Begin PBXContainerItemProxy section */
		B752A6F12484F7F100513FCF /* PBXContainerItemProxy */ = {
			isa = PBXContainerItemProxy;
			containerPortal = B752A6D22484F7EF00513FCF /* Project object */;
			proxyType = 1;
			remoteGlobalIDString = B752A6D92484F7EF00513FCF;
			remoteInfo = testChat;
		};
		B752A6FC2484F7F100513FCF /* PBXContainerItemProxy */ = {
			isa = PBXContainerItemProxy;
			containerPortal = B752A6D22484F7EF00513FCF /* Project object */;
			proxyType = 1;
			remoteGlobalIDString = B752A6D92484F7EF00513FCF;
			remoteInfo = testChat;
		};
/* End PBXContainerItemProxy section */

/* Begin PBXFileReference section */
		09AF9843C6E1A773AB14BA8E /* Pods-testChat.release.xcconfig */ = {isa = PBXFileReference; includeInIndex = 1; lastKnownFileType = text.xcconfig; name = "Pods-testChat.release.xcconfig"; path = "Target Support Files/Pods-testChat/Pods-testChat.release.xcconfig"; sourceTree = "<group>"; };
		5288AD38E430CFB1A01A155A /* Pods-testChatTests.release.xcconfig */ = {isa = PBXFileReference; includeInIndex = 1; lastKnownFileType = text.xcconfig; name = "Pods-testChatTests.release.xcconfig"; path = "Target Support Files/Pods-testChatTests/Pods-testChatTests.release.xcconfig"; sourceTree = "<group>"; };
		7124D42508A535153F0FF8AB /* Pods_testChat.framework */ = {isa = PBXFileReference; explicitFileType = wrapper.framework; includeInIndex = 0; path = Pods_testChat.framework; sourceTree = BUILT_PRODUCTS_DIR; };
		75EB006FA013D4607DFB74F8 /* Pods_testChatTests.framework */ = {isa = PBXFileReference; explicitFileType = wrapper.framework; includeInIndex = 0; path = Pods_testChatTests.framework; sourceTree = BUILT_PRODUCTS_DIR; };
		7C59291C4DB85931ADC343ED /* Pods-testChatTests.debug.xcconfig */ = {isa = PBXFileReference; includeInIndex = 1; lastKnownFileType = text.xcconfig; name = "Pods-testChatTests.debug.xcconfig"; path = "Target Support Files/Pods-testChatTests/Pods-testChatTests.debug.xcconfig"; sourceTree = "<group>"; };
		887CC1E8716DA181DA700106 /* Pods-testChat.debug.xcconfig */ = {isa = PBXFileReference; includeInIndex = 1; lastKnownFileType = text.xcconfig; name = "Pods-testChat.debug.xcconfig"; path = "Target Support Files/Pods-testChat/Pods-testChat.debug.xcconfig"; sourceTree = "<group>"; };
		898873DBF31D77A45D14342E /* Pods-testChat-testChatUITests.debug.xcconfig */ = {isa = PBXFileReference; includeInIndex = 1; lastKnownFileType = text.xcconfig; name = "Pods-testChat-testChatUITests.debug.xcconfig"; path = "Target Support Files/Pods-testChat-testChatUITests/Pods-testChat-testChatUITests.debug.xcconfig"; sourceTree = "<group>"; };
		ABDA2F202FC3E47B91A5B50B /* Pods-testChat-testChatUITests.release.xcconfig */ = {isa = PBXFileReference; includeInIndex = 1; lastKnownFileType = text.xcconfig; name = "Pods-testChat-testChatUITests.release.xcconfig"; path = "Target Support Files/Pods-testChat-testChatUITests/Pods-testChat-testChatUITests.release.xcconfig"; sourceTree = "<group>"; };
		AC65906E920DA4A8CBC6931F /* Pods_testChat_testChatUITests.framework */ = {isa = PBXFileReference; explicitFileType = wrapper.framework; includeInIndex = 0; path = Pods_testChat_testChatUITests.framework; sourceTree = BUILT_PRODUCTS_DIR; };
		B71763B3248639C100B98A6C /* LoginView.swift */ = {isa = PBXFileReference; lastKnownFileType = sourcecode.swift; path = LoginView.swift; sourceTree = "<group>"; };
		B71763B524863A0300B98A6C /* RegisterView.swift */ = {isa = PBXFileReference; lastKnownFileType = sourcecode.swift; path = RegisterView.swift; sourceTree = "<group>"; };
		B71763B72486402400B98A6C /* ErrorView.swift */ = {isa = PBXFileReference; lastKnownFileType = sourcecode.swift; path = ErrorView.swift; sourceTree = "<group>"; };
		B71763B9248641BF00B98A6C /* GoogleService-Info.plist */ = {isa = PBXFileReference; lastKnownFileType = text.plist; path = "GoogleService-Info.plist"; sourceTree = SOURCE_ROOT; };
		B71763BB24864C1100B98A6C /* HomeScreenView.swift */ = {isa = PBXFileReference; lastKnownFileType = sourcecode.swift; path = HomeScreenView.swift; sourceTree = "<group>"; };
		B71763C124864DEE00B98A6C /* LoginVM.swift */ = {isa = PBXFileReference; lastKnownFileType = sourcecode.swift; path = LoginVM.swift; sourceTree = "<group>"; };
		B71763C524865C7100B98A6C /* CurrUserVM.swift */ = {isa = PBXFileReference; lastKnownFileType = sourcecode.swift; path = CurrUserVM.swift; sourceTree = "<group>"; };
		B71763C92486742000B98A6C /* ForgetPasswordView.swift */ = {isa = PBXFileReference; lastKnownFileType = sourcecode.swift; path = ForgetPasswordView.swift; sourceTree = "<group>"; };
		B723A6C2248EB90B008C7D8B /* AllGroupsView.swift */ = {isa = PBXFileReference; lastKnownFileType = sourcecode.swift; path = AllGroupsView.swift; sourceTree = "<group>"; };
		B723A6C4248ECA25008C7D8B /* GroupView.swift */ = {isa = PBXFileReference; lastKnownFileType = sourcecode.swift; path = GroupView.swift; sourceTree = "<group>"; };
		B752A6DA2484F7EF00513FCF /* Live Chat.app */ = {isa = PBXFileReference; explicitFileType = wrapper.application; includeInIndex = 0; path = "Live Chat.app"; sourceTree = BUILT_PRODUCTS_DIR; };
		B752A6DD2484F7EF00513FCF /* AppDelegate.swift */ = {isa = PBXFileReference; lastKnownFileType = sourcecode.swift; path = AppDelegate.swift; sourceTree = "<group>"; };
		B752A6DF2484F7EF00513FCF /* SceneDelegate.swift */ = {isa = PBXFileReference; lastKnownFileType = sourcecode.swift; path = SceneDelegate.swift; sourceTree = "<group>"; };
		B752A6E12484F7EF00513FCF /* ContentView.swift */ = {isa = PBXFileReference; lastKnownFileType = sourcecode.swift; path = ContentView.swift; sourceTree = "<group>"; };
		B752A6E32484F7F100513FCF /* Assets.xcassets */ = {isa = PBXFileReference; lastKnownFileType = folder.assetcatalog; path = Assets.xcassets; sourceTree = "<group>"; };
		B752A6E62484F7F100513FCF /* Preview Assets.xcassets */ = {isa = PBXFileReference; lastKnownFileType = folder.assetcatalog; path = "Preview Assets.xcassets"; sourceTree = "<group>"; };
		B752A6E92484F7F100513FCF /* Base */ = {isa = PBXFileReference; lastKnownFileType = file.storyboard; name = Base; path = Base.lproj/LaunchScreen.storyboard; sourceTree = "<group>"; };
		B752A6EB2484F7F100513FCF /* Info.plist */ = {isa = PBXFileReference; lastKnownFileType = text.plist.xml; path = Info.plist; sourceTree = "<group>"; };
		B752A6F02484F7F100513FCF /* testChatTests.xctest */ = {isa = PBXFileReference; explicitFileType = wrapper.cfbundle; includeInIndex = 0; path = testChatTests.xctest; sourceTree = BUILT_PRODUCTS_DIR; };
		B752A6F42484F7F100513FCF /* testChatTests.swift */ = {isa = PBXFileReference; lastKnownFileType = sourcecode.swift; path = testChatTests.swift; sourceTree = "<group>"; };
		B752A6F62484F7F100513FCF /* Info.plist */ = {isa = PBXFileReference; lastKnownFileType = text.plist.xml; path = Info.plist; sourceTree = "<group>"; };
		B752A6FB2484F7F100513FCF /* testChatUITests.xctest */ = {isa = PBXFileReference; explicitFileType = wrapper.cfbundle; includeInIndex = 0; path = testChatUITests.xctest; sourceTree = BUILT_PRODUCTS_DIR; };
		B752A6FF2484F7F100513FCF /* testChatUITests.swift */ = {isa = PBXFileReference; lastKnownFileType = sourcecode.swift; path = testChatUITests.swift; sourceTree = "<group>"; };
		B752A7012484F7F100513FCF /* Info.plist */ = {isa = PBXFileReference; lastKnownFileType = text.plist.xml; path = Info.plist; sourceTree = "<group>"; };
		B752A70D2484F87300513FCF /* MainView.swift */ = {isa = PBXFileReference; lastKnownFileType = sourcecode.swift; path = MainView.swift; sourceTree = "<group>"; };
		B752A70F2484F98700513FCF /* SettingsView.swift */ = {isa = PBXFileReference; lastKnownFileType = sourcecode.swift; path = SettingsView.swift; sourceTree = "<group>"; };
		B752A7112484F9BC00513FCF /* MainLoginView.swift */ = {isa = PBXFileReference; lastKnownFileType = sourcecode.swift; path = MainLoginView.swift; sourceTree = "<group>"; };
		B7A3D29F2490B00900CBD7B1 /* MsgTail.swift */ = {isa = PBXFileReference; lastKnownFileType = sourcecode.swift; path = MsgTail.swift; sourceTree = "<group>"; };
		B7A3D2A12490B04100CBD7B1 /* RoundedShape.swift */ = {isa = PBXFileReference; lastKnownFileType = sourcecode.swift; path = RoundedShape.swift; sourceTree = "<group>"; };
		B7A3D2A32490B07C00CBD7B1 /* HomeCorenerShape.swift */ = {isa = PBXFileReference; lastKnownFileType = sourcecode.swift; path = HomeCorenerShape.swift; sourceTree = "<group>"; };
		B7A3D2A62490C89A00CBD7B1 /* KeyboardHeightPublisher.swift */ = {isa = PBXFileReference; fileEncoding = 4; lastKnownFileType = sourcecode.swift; path = KeyboardHeightPublisher.swift; sourceTree = "<group>"; };
		B7A3D2AC2490DE5500CBD7B1 /* UIResponder+Current.swift */ = {isa = PBXFileReference; fileEncoding = 4; lastKnownFileType = sourcecode.swift; path = "UIResponder+Current.swift"; sourceTree = "<group>"; };
		B7A3D2AF2490F1EB00CBD7B1 /* TopGroupView.swift */ = {isa = PBXFileReference; lastKnownFileType = sourcecode.swift; path = TopGroupView.swift; sourceTree = "<group>"; };
		B7A3D2B12490F30B00CBD7B1 /* GroupChetCell.swift */ = {isa = PBXFileReference; lastKnownFileType = sourcecode.swift; path = GroupChetCell.swift; sourceTree = "<group>"; };
		B7A3D2B32490FC4800CBD7B1 /* TextShimmer.swift */ = {isa = PBXFileReference; lastKnownFileType = sourcecode.swift; path = TextShimmer.swift; sourceTree = "<group>"; };
		B7D3C654249240BD00B974BB /* UserShimmer.swift */ = {isa = PBXFileReference; lastKnownFileType = sourcecode.swift; path = UserShimmer.swift; sourceTree = "<group>"; };
		B7D3C6562492628400B974BB /* AddNewGruopView.swift */ = {isa = PBXFileReference; lastKnownFileType = sourcecode.swift; path = AddNewGruopView.swift; sourceTree = "<group>"; };
		B7D3C6582496166500B974BB /* AuthService.swift */ = {isa = PBXFileReference; fileEncoding = 4; lastKnownFileType = sourcecode.swift; path = AuthService.swift; sourceTree = "<group>"; };
		B7D3C65B24962E2800B974BB /* ListScrollManagerView.swift */ = {isa = PBXFileReference; lastKnownFileType = sourcecode.swift; path = ListScrollManagerView.swift; sourceTree = "<group>"; };
		B7D3C65D24974AE300B974BB /* MeView.swift */ = {isa = PBXFileReference; lastKnownFileType = sourcecode.swift; path = MeView.swift; sourceTree = "<group>"; };
		B7EC4AB624878DF10035B496 /* DataService.swift */ = {isa = PBXFileReference; fileEncoding = 4; lastKnownFileType = sourcecode.swift; path = DataService.swift; sourceTree = "<group>"; };
		B7EC4ABC24878F640035B496 /*  FeedVM.swift */ = {isa = PBXFileReference; lastKnownFileType = sourcecode.swift; path = " FeedVM.swift"; sourceTree = "<group>"; };
		B7EC4AC62487AE320035B496 /* User.swift */ = {isa = PBXFileReference; fileEncoding = 4; lastKnownFileType = sourcecode.swift; path = User.swift; sourceTree = "<group>"; };
		B7EC4AC72487AE320035B496 /* Group.swift */ = {isa = PBXFileReference; fileEncoding = 4; lastKnownFileType = sourcecode.swift; path = Group.swift; sourceTree = "<group>"; };
		B7EC4AC82487AE320035B496 /* Message.swift */ = {isa = PBXFileReference; fileEncoding = 4; lastKnownFileType = sourcecode.swift; path = Message.swift; sourceTree = "<group>"; };
		B7EC4ACD2488DDFC0035B496 /* HomeTopView.swift */ = {isa = PBXFileReference; lastKnownFileType = sourcecode.swift; path = HomeTopView.swift; sourceTree = "<group>"; };
		B7EC4ACF2488DE2B0035B496 /* HomeCenterView.swift */ = {isa = PBXFileReference; lastKnownFileType = sourcecode.swift; path = HomeCenterView.swift; sourceTree = "<group>"; };
		B7EC4AD12488E0080035B496 /* AddNewComment.swift */ = {isa = PBXFileReference; lastKnownFileType = sourcecode.swift; path = AddNewComment.swift; sourceTree = "<group>"; };
		B7FD0C502497951500008BA6 /* TouchIDAuthentication.swift */ = {isa = PBXFileReference; fileEncoding = 4; lastKnownFileType = sourcecode.swift; path = TouchIDAuthentication.swift; sourceTree = "<group>"; };
		B7FD0C522497966C00008BA6 /* KeychainHelper.swift */ = {isa = PBXFileReference; fileEncoding = 4; lastKnownFileType = sourcecode.swift; path = KeychainHelper.swift; sourceTree = "<group>"; };
		B7FD0C532497966D00008BA6 /* KeychainPasswordItem.swift */ = {isa = PBXFileReference; fileEncoding = 4; lastKnownFileType = sourcecode.swift; path = KeychainPasswordItem.swift; sourceTree = "<group>"; };
/* End PBXFileReference section */

/* Begin PBXFrameworksBuildPhase section */
		B752A6D72484F7EF00513FCF /* Frameworks */ = {
			isa = PBXFrameworksBuildPhase;
			buildActionMask = 2147483647;
			files = (
				B723A6C1248E24E2008C7D8B /* TextView in Frameworks */,
				20167229ADA92C89B7F1E14E /* Pods_testChat.framework in Frameworks */,
			);
			runOnlyForDeploymentPostprocessing = 0;
		};
		B752A6ED2484F7F100513FCF /* Frameworks */ = {
			isa = PBXFrameworksBuildPhase;
			buildActionMask = 2147483647;
			files = (
				932D1A2C05099DA7B74667E8 /* Pods_testChatTests.framework in Frameworks */,
			);
			runOnlyForDeploymentPostprocessing = 0;
		};
		B752A6F82484F7F100513FCF /* Frameworks */ = {
			isa = PBXFrameworksBuildPhase;
			buildActionMask = 2147483647;
			files = (
				AF0BE1007F830C77288DD6D6 /* Pods_testChat_testChatUITests.framework in Frameworks */,
			);
			runOnlyForDeploymentPostprocessing = 0;
		};
/* End PBXFrameworksBuildPhase section */

/* Begin PBXGroup section */
		AA649ED53B2B86228DB15F9E /* Frameworks */ = {
			isa = PBXGroup;
			children = (
				7124D42508A535153F0FF8AB /* Pods_testChat.framework */,
				AC65906E920DA4A8CBC6931F /* Pods_testChat_testChatUITests.framework */,
				75EB006FA013D4607DFB74F8 /* Pods_testChatTests.framework */,
			);
			name = Frameworks;
			sourceTree = "<group>";
		};
		B71763B22486395800B98A6C /* LoginViews */ = {
			isa = PBXGroup;
			children = (
				B752A7112484F9BC00513FCF /* MainLoginView.swift */,
				B71763B3248639C100B98A6C /* LoginView.swift */,
				B71763B524863A0300B98A6C /* RegisterView.swift */,
				B71763B72486402400B98A6C /* ErrorView.swift */,
				B71763C92486742000B98A6C /* ForgetPasswordView.swift */,
			);
			path = LoginViews;
			sourceTree = "<group>";
		};
		B71763BD24864D4F00B98A6C /* Views */ = {
			isa = PBXGroup;
			children = (
				B752A6E12484F7EF00513FCF /* ContentView.swift */,
				B7D3C65D24974AE300B974BB /* MeView.swift */,
				B752A70F2484F98700513FCF /* SettingsView.swift */,
				B7A3D2AE2490F18900CBD7B1 /* GroupView */,
				B7EC4ACC2488DDDA0035B496 /*  HomeViews */,
				B71763B22486395800B98A6C /* LoginViews */,
				B7D3C6532491FE9E00B974BB /* ShimmerViews */,
				B7A3D29E2490AFD300CBD7B1 /* Shapes */,
			);
			path = Views;
			sourceTree = "<group>";
		};
		B71763BE24864D7200B98A6C /* ViewModel */ = {
			isa = PBXGroup;
			children = (
				B7D3C65A24962E0D00B974BB /* RepresentableViews */,
				B71763C124864DEE00B98A6C /* LoginVM.swift */,
				B71763C524865C7100B98A6C /* CurrUserVM.swift */,
				B7EC4ABC24878F640035B496 /*  FeedVM.swift */,
			);
			path = ViewModel;
			sourceTree = "<group>";
		};
		B71763BF24864D9D00B98A6C /* Model */ = {
			isa = PBXGroup;
			children = (
				B7EC4AC72487AE320035B496 /* Group.swift */,
				B7EC4AC82487AE320035B496 /* Message.swift */,
				B7EC4AC62487AE320035B496 /* User.swift */,
			);
			path = Model;
			sourceTree = "<group>";
		};
		B71763C024864DA600B98A6C /* Manages */ = {
			isa = PBXGroup;
			children = (
				B7FD0C522497966C00008BA6 /* KeychainHelper.swift */,
				B7FD0C532497966D00008BA6 /* KeychainPasswordItem.swift */,
				B7FD0C502497951500008BA6 /* TouchIDAuthentication.swift */,
				B7D3C6582496166500B974BB /* AuthService.swift */,
				B7EC4AB624878DF10035B496 /* DataService.swift */,
			);
			path = Manages;
			sourceTree = "<group>";
		};
		B752A6D12484F7EF00513FCF = {
			isa = PBXGroup;
			children = (
				B752A6DC2484F7EF00513FCF /* testChat */,
				B752A6F32484F7F100513FCF /* testChatTests */,
				B752A6FE2484F7F100513FCF /* testChatUITests */,
				B752A6DB2484F7EF00513FCF /* Products */,
				D440A7562F88C08F4C0464E8 /* Pods */,
				AA649ED53B2B86228DB15F9E /* Frameworks */,
			);
			sourceTree = "<group>";
		};
		B752A6DB2484F7EF00513FCF /* Products */ = {
			isa = PBXGroup;
			children = (
				B752A6DA2484F7EF00513FCF /* Live Chat.app */,
				B752A6F02484F7F100513FCF /* testChatTests.xctest */,
				B752A6FB2484F7F100513FCF /* testChatUITests.xctest */,
			);
			name = Products;
			sourceTree = "<group>";
		};
		B752A6DC2484F7EF00513FCF /* testChat */ = {
			isa = PBXGroup;
			children = (
				B752A6DD2484F7EF00513FCF /* AppDelegate.swift */,
				B752A6DF2484F7EF00513FCF /* SceneDelegate.swift */,
				B7A3D2A52490C88A00CBD7B1 /* Publishers */,
				B71763C024864DA600B98A6C /* Manages */,
				B71763BF24864D9D00B98A6C /* Model */,
				B71763BE24864D7200B98A6C /* ViewModel */,
				B71763BD24864D4F00B98A6C /* Views */,
				B752A6E32484F7F100513FCF /* Assets.xcassets */,
				B752A6E82484F7F100513FCF /* LaunchScreen.storyboard */,
				B752A6EB2484F7F100513FCF /* Info.plist */,
				B752A6E52484F7F100513FCF /* Preview Content */,
				B71763B9248641BF00B98A6C /* GoogleService-Info.plist */,
			);
			path = testChat;
			sourceTree = "<group>";
		};
		B752A6E52484F7F100513FCF /* Preview Content */ = {
			isa = PBXGroup;
			children = (
				B752A6E62484F7F100513FCF /* Preview Assets.xcassets */,
			);
			path = "Preview Content";
			sourceTree = "<group>";
		};
		B752A6F32484F7F100513FCF /* testChatTests */ = {
			isa = PBXGroup;
			children = (
				B752A6F42484F7F100513FCF /* testChatTests.swift */,
				B752A6F62484F7F100513FCF /* Info.plist */,
			);
			path = testChatTests;
			sourceTree = "<group>";
		};
		B752A6FE2484F7F100513FCF /* testChatUITests */ = {
			isa = PBXGroup;
			children = (
				B752A6FF2484F7F100513FCF /* testChatUITests.swift */,
				B752A7012484F7F100513FCF /* Info.plist */,
			);
			path = testChatUITests;
			sourceTree = "<group>";
		};
		B7A3D29E2490AFD300CBD7B1 /* Shapes */ = {
			isa = PBXGroup;
			children = (
				B7A3D29F2490B00900CBD7B1 /* MsgTail.swift */,
				B7A3D2A12490B04100CBD7B1 /* RoundedShape.swift */,
				B7A3D2A32490B07C00CBD7B1 /* HomeCorenerShape.swift */,
			);
			path = Shapes;
			sourceTree = "<group>";
		};
		B7A3D2A52490C88A00CBD7B1 /* Publishers */ = {
			isa = PBXGroup;
			children = (
				B7A3D2AC2490DE5500CBD7B1 /* UIResponder+Current.swift */,
				B7A3D2A62490C89A00CBD7B1 /* KeyboardHeightPublisher.swift */,
			);
			path = Publishers;
			sourceTree = "<group>";
		};
		B7A3D2AE2490F18900CBD7B1 /* GroupView */ = {
			isa = PBXGroup;
			children = (
				B723A6C4248ECA25008C7D8B /* GroupView.swift */,
				B7A3D2AF2490F1EB00CBD7B1 /* TopGroupView.swift */,
				B7A3D2B12490F30B00CBD7B1 /* GroupChetCell.swift */,
				B723A6C2248EB90B008C7D8B /* AllGroupsView.swift */,
				B7D3C6562492628400B974BB /* AddNewGruopView.swift */,
			);
			path = GroupView;
			sourceTree = "<group>";
		};
		B7D3C6532491FE9E00B974BB /* ShimmerViews */ = {
			isa = PBXGroup;
			children = (
				B7D3C654249240BD00B974BB /* UserShimmer.swift */,
				B7A3D2B32490FC4800CBD7B1 /* TextShimmer.swift */,
			);
			path = ShimmerViews;
			sourceTree = "<group>";
		};
		B7D3C65A24962E0D00B974BB /* RepresentableViews */ = {
			isa = PBXGroup;
			children = (
				B7D3C65B24962E2800B974BB /* ListScrollManagerView.swift */,
			);
			path = RepresentableViews;
			sourceTree = "<group>";
		};
		B7EC4ACC2488DDDA0035B496 /*  HomeViews */ = {
			isa = PBXGroup;
			children = (
				B752A70D2484F87300513FCF /* MainView.swift */,
				B7EC4AD12488E0080035B496 /* AddNewComment.swift */,
				B71763BB24864C1100B98A6C /* HomeScreenView.swift */,
				B7EC4ACD2488DDFC0035B496 /* HomeTopView.swift */,
				B7EC4ACF2488DE2B0035B496 /* HomeCenterView.swift */,
			);
			path = " HomeViews";
			sourceTree = "<group>";
		};
		D440A7562F88C08F4C0464E8 /* Pods */ = {
			isa = PBXGroup;
			children = (
				887CC1E8716DA181DA700106 /* Pods-testChat.debug.xcconfig */,
				09AF9843C6E1A773AB14BA8E /* Pods-testChat.release.xcconfig */,
				898873DBF31D77A45D14342E /* Pods-testChat-testChatUITests.debug.xcconfig */,
				ABDA2F202FC3E47B91A5B50B /* Pods-testChat-testChatUITests.release.xcconfig */,
				7C59291C4DB85931ADC343ED /* Pods-testChatTests.debug.xcconfig */,
				5288AD38E430CFB1A01A155A /* Pods-testChatTests.release.xcconfig */,
			);
			path = Pods;
			sourceTree = "<group>";
		};
/* End PBXGroup section */

/* Begin PBXNativeTarget section */
		B752A6D92484F7EF00513FCF /* testChat */ = {
			isa = PBXNativeTarget;
			buildConfigurationList = B752A7042484F7F100513FCF /* Build configuration list for PBXNativeTarget "testChat" */;
			buildPhases = (
				3008D83D2874B84BE5402D21 /* [CP] Check Pods Manifest.lock */,
				B752A6D62484F7EF00513FCF /* Sources */,
				B752A6D72484F7EF00513FCF /* Frameworks */,
				B752A6D82484F7EF00513FCF /* Resources */,
				1684EA6F874940A04D6C2B5C /* [CP] Embed Pods Frameworks */,
				3349B0D3C9085B20E3567D6C /* [CP] Copy Pods Resources */,
			);
			buildRules = (
			);
			dependencies = (
			);
			name = testChat;
			packageProductDependencies = (
				B723A6C0248E24E2008C7D8B /* TextView */,
			);
			productName = testChat;
			productReference = B752A6DA2484F7EF00513FCF /* Live Chat.app */;
			productType = "com.apple.product-type.application";
		};
		B752A6EF2484F7F100513FCF /* testChatTests */ = {
			isa = PBXNativeTarget;
			buildConfigurationList = B752A7072484F7F100513FCF /* Build configuration list for PBXNativeTarget "testChatTests" */;
			buildPhases = (
				F8AA3B53B05552437E29AA95 /* [CP] Check Pods Manifest.lock */,
				B752A6EC2484F7F100513FCF /* Sources */,
				B752A6ED2484F7F100513FCF /* Frameworks */,
				B752A6EE2484F7F100513FCF /* Resources */,
			);
			buildRules = (
			);
			dependencies = (
				B752A6F22484F7F100513FCF /* PBXTargetDependency */,
			);
			name = testChatTests;
			productName = testChatTests;
			productReference = B752A6F02484F7F100513FCF /* testChatTests.xctest */;
			productType = "com.apple.product-type.bundle.unit-test";
		};
		B752A6FA2484F7F100513FCF /* testChatUITests */ = {
			isa = PBXNativeTarget;
			buildConfigurationList = B752A70A2484F7F100513FCF /* Build configuration list for PBXNativeTarget "testChatUITests" */;
			buildPhases = (
				C1028220C05CA84F4F49F0C1 /* [CP] Check Pods Manifest.lock */,
				B752A6F72484F7F100513FCF /* Sources */,
				B752A6F82484F7F100513FCF /* Frameworks */,
				B752A6F92484F7F100513FCF /* Resources */,
				6FEC88C1603EFC171C19EB0B /* [CP] Embed Pods Frameworks */,
				85A0D14AF752268648241D7B /* [CP] Copy Pods Resources */,
			);
			buildRules = (
			);
			dependencies = (
				B752A6FD2484F7F100513FCF /* PBXTargetDependency */,
			);
			name = testChatUITests;
			productName = testChatUITests;
			productReference = B752A6FB2484F7F100513FCF /* testChatUITests.xctest */;
			productType = "com.apple.product-type.bundle.ui-testing";
		};
/* End PBXNativeTarget section */

/* Begin PBXProject section */
		B752A6D22484F7EF00513FCF /* Project object */ = {
			isa = PBXProject;
			attributes = {
				LastSwiftUpdateCheck = 1130;
				LastUpgradeCheck = 1130;
				ORGANIZATIONNAME = "Israel Berezin";
				TargetAttributes = {
					B752A6D92484F7EF00513FCF = {
						CreatedOnToolsVersion = 11.3.1;
					};
					B752A6EF2484F7F100513FCF = {
						CreatedOnToolsVersion = 11.3.1;
						TestTargetID = B752A6D92484F7EF00513FCF;
					};
					B752A6FA2484F7F100513FCF = {
						CreatedOnToolsVersion = 11.3.1;
						TestTargetID = B752A6D92484F7EF00513FCF;
					};
				};
			};
			buildConfigurationList = B752A6D52484F7EF00513FCF /* Build configuration list for PBXProject "testChat" */;
			compatibilityVersion = "Xcode 9.3";
			developmentRegion = en;
			hasScannedForEncodings = 0;
			knownRegions = (
				en,
				Base,
			);
			mainGroup = B752A6D12484F7EF00513FCF;
			packageReferences = (
				B723A6BF248E24E2008C7D8B /* XCRemoteSwiftPackageReference "TextView" */,
			);
			productRefGroup = B752A6DB2484F7EF00513FCF /* Products */;
			projectDirPath = "";
			projectRoot = "";
			targets = (
				B752A6D92484F7EF00513FCF /* testChat */,
				B752A6EF2484F7F100513FCF /* testChatTests */,
				B752A6FA2484F7F100513FCF /* testChatUITests */,
			);
		};
/* End PBXProject section */

/* Begin PBXResourcesBuildPhase section */
		B752A6D82484F7EF00513FCF /* Resources */ = {
			isa = PBXResourcesBuildPhase;
			buildActionMask = 2147483647;
			files = (
				B752A6EA2484F7F100513FCF /* LaunchScreen.storyboard in Resources */,
				B71763BA248641BF00B98A6C /* GoogleService-Info.plist in Resources */,
				B752A6E72484F7F100513FCF /* Preview Assets.xcassets in Resources */,
				B752A6E42484F7F100513FCF /* Assets.xcassets in Resources */,
			);
			runOnlyForDeploymentPostprocessing = 0;
		};
		B752A6EE2484F7F100513FCF /* Resources */ = {
			isa = PBXResourcesBuildPhase;
			buildActionMask = 2147483647;
			files = (
			);
			runOnlyForDeploymentPostprocessing = 0;
		};
		B752A6F92484F7F100513FCF /* Resources */ = {
			isa = PBXResourcesBuildPhase;
			buildActionMask = 2147483647;
			files = (
			);
			runOnlyForDeploymentPostprocessing = 0;
		};
/* End PBXResourcesBuildPhase section */

/* Begin PBXShellScriptBuildPhase section */
		1684EA6F874940A04D6C2B5C /* [CP] Embed Pods Frameworks */ = {
			isa = PBXShellScriptBuildPhase;
			buildActionMask = 2147483647;
			files = (
			);
			inputFileListPaths = (
				"${PODS_ROOT}/Target Support Files/Pods-testChat/Pods-testChat-frameworks-${CONFIGURATION}-input-files.xcfilelist",
			);
			name = "[CP] Embed Pods Frameworks";
			outputFileListPaths = (
				"${PODS_ROOT}/Target Support Files/Pods-testChat/Pods-testChat-frameworks-${CONFIGURATION}-output-files.xcfilelist",
			);
			runOnlyForDeploymentPostprocessing = 0;
			shellPath = /bin/sh;
			shellScript = "\"${PODS_ROOT}/Target Support Files/Pods-testChat/Pods-testChat-frameworks.sh\"\n";
			showEnvVarsInLog = 0;
		};
		3008D83D2874B84BE5402D21 /* [CP] Check Pods Manifest.lock */ = {
			isa = PBXShellScriptBuildPhase;
			buildActionMask = 2147483647;
			files = (
			);
			inputFileListPaths = (
			);
			inputPaths = (
				"${PODS_PODFILE_DIR_PATH}/Podfile.lock",
				"${PODS_ROOT}/Manifest.lock",
			);
			name = "[CP] Check Pods Manifest.lock";
			outputFileListPaths = (
			);
			outputPaths = (
				"$(DERIVED_FILE_DIR)/Pods-testChat-checkManifestLockResult.txt",
			);
			runOnlyForDeploymentPostprocessing = 0;
			shellPath = /bin/sh;
			shellScript = "diff \"${PODS_PODFILE_DIR_PATH}/Podfile.lock\" \"${PODS_ROOT}/Manifest.lock\" > /dev/null\nif [ $? != 0 ] ; then\n    # print error to STDERR\n    echo \"error: The sandbox is not in sync with the Podfile.lock. Run 'pod install' or update your CocoaPods installation.\" >&2\n    exit 1\nfi\n# This output is used by Xcode 'outputs' to avoid re-running this script phase.\necho \"SUCCESS\" > \"${SCRIPT_OUTPUT_FILE_0}\"\n";
			showEnvVarsInLog = 0;
		};
		3349B0D3C9085B20E3567D6C /* [CP] Copy Pods Resources */ = {
			isa = PBXShellScriptBuildPhase;
			buildActionMask = 2147483647;
			files = (
			);
			inputFileListPaths = (
				"${PODS_ROOT}/Target Support Files/Pods-testChat/Pods-testChat-resources-${CONFIGURATION}-input-files.xcfilelist",
			);
			name = "[CP] Copy Pods Resources";
			outputFileListPaths = (
				"${PODS_ROOT}/Target Support Files/Pods-testChat/Pods-testChat-resources-${CONFIGURATION}-output-files.xcfilelist",
			);
			runOnlyForDeploymentPostprocessing = 0;
			shellPath = /bin/sh;
			shellScript = "\"${PODS_ROOT}/Target Support Files/Pods-testChat/Pods-testChat-resources.sh\"\n";
			showEnvVarsInLog = 0;
		};
		6FEC88C1603EFC171C19EB0B /* [CP] Embed Pods Frameworks */ = {
			isa = PBXShellScriptBuildPhase;
			buildActionMask = 2147483647;
			files = (
			);
			inputFileListPaths = (
				"${PODS_ROOT}/Target Support Files/Pods-testChat-testChatUITests/Pods-testChat-testChatUITests-frameworks-${CONFIGURATION}-input-files.xcfilelist",
			);
			name = "[CP] Embed Pods Frameworks";
			outputFileListPaths = (
				"${PODS_ROOT}/Target Support Files/Pods-testChat-testChatUITests/Pods-testChat-testChatUITests-frameworks-${CONFIGURATION}-output-files.xcfilelist",
			);
			runOnlyForDeploymentPostprocessing = 0;
			shellPath = /bin/sh;
			shellScript = "\"${PODS_ROOT}/Target Support Files/Pods-testChat-testChatUITests/Pods-testChat-testChatUITests-frameworks.sh\"\n";
			showEnvVarsInLog = 0;
		};
		85A0D14AF752268648241D7B /* [CP] Copy Pods Resources */ = {
			isa = PBXShellScriptBuildPhase;
			buildActionMask = 2147483647;
			files = (
			);
			inputFileListPaths = (
				"${PODS_ROOT}/Target Support Files/Pods-testChat-testChatUITests/Pods-testChat-testChatUITests-resources-${CONFIGURATION}-input-files.xcfilelist",
			);
			name = "[CP] Copy Pods Resources";
			outputFileListPaths = (
				"${PODS_ROOT}/Target Support Files/Pods-testChat-testChatUITests/Pods-testChat-testChatUITests-resources-${CONFIGURATION}-output-files.xcfilelist",
			);
			runOnlyForDeploymentPostprocessing = 0;
			shellPath = /bin/sh;
			shellScript = "\"${PODS_ROOT}/Target Support Files/Pods-testChat-testChatUITests/Pods-testChat-testChatUITests-resources.sh\"\n";
			showEnvVarsInLog = 0;
		};
		C1028220C05CA84F4F49F0C1 /* [CP] Check Pods Manifest.lock */ = {
			isa = PBXShellScriptBuildPhase;
			buildActionMask = 2147483647;
			files = (
			);
			inputFileListPaths = (
			);
			inputPaths = (
				"${PODS_PODFILE_DIR_PATH}/Podfile.lock",
				"${PODS_ROOT}/Manifest.lock",
			);
			name = "[CP] Check Pods Manifest.lock";
			outputFileListPaths = (
			);
			outputPaths = (
				"$(DERIVED_FILE_DIR)/Pods-testChat-testChatUITests-checkManifestLockResult.txt",
			);
			runOnlyForDeploymentPostprocessing = 0;
			shellPath = /bin/sh;
			shellScript = "diff \"${PODS_PODFILE_DIR_PATH}/Podfile.lock\" \"${PODS_ROOT}/Manifest.lock\" > /dev/null\nif [ $? != 0 ] ; then\n    # print error to STDERR\n    echo \"error: The sandbox is not in sync with the Podfile.lock. Run 'pod install' or update your CocoaPods installation.\" >&2\n    exit 1\nfi\n# This output is used by Xcode 'outputs' to avoid re-running this script phase.\necho \"SUCCESS\" > \"${SCRIPT_OUTPUT_FILE_0}\"\n";
			showEnvVarsInLog = 0;
		};
		F8AA3B53B05552437E29AA95 /* [CP] Check Pods Manifest.lock */ = {
			isa = PBXShellScriptBuildPhase;
			buildActionMask = 2147483647;
			files = (
			);
			inputFileListPaths = (
			);
			inputPaths = (
				"${PODS_PODFILE_DIR_PATH}/Podfile.lock",
				"${PODS_ROOT}/Manifest.lock",
			);
			name = "[CP] Check Pods Manifest.lock";
			outputFileListPaths = (
			);
			outputPaths = (
				"$(DERIVED_FILE_DIR)/Pods-testChatTests-checkManifestLockResult.txt",
			);
			runOnlyForDeploymentPostprocessing = 0;
			shellPath = /bin/sh;
			shellScript = "diff \"${PODS_PODFILE_DIR_PATH}/Podfile.lock\" \"${PODS_ROOT}/Manifest.lock\" > /dev/null\nif [ $? != 0 ] ; then\n    # print error to STDERR\n    echo \"error: The sandbox is not in sync with the Podfile.lock. Run 'pod install' or update your CocoaPods installation.\" >&2\n    exit 1\nfi\n# This output is used by Xcode 'outputs' to avoid re-running this script phase.\necho \"SUCCESS\" > \"${SCRIPT_OUTPUT_FILE_0}\"\n";
			showEnvVarsInLog = 0;
		};
/* End PBXShellScriptBuildPhase section */

/* Begin PBXSourcesBuildPhase section */
		B752A6D62484F7EF00513FCF /* Sources */ = {
			isa = PBXSourcesBuildPhase;
			buildActionMask = 2147483647;
			files = (
				B7D3C655249240BD00B974BB /* UserShimmer.swift in Sources */,
				B7EC4AD02488DE2B0035B496 /* HomeCenterView.swift in Sources */,
				B71763B624863A0300B98A6C /* RegisterView.swift in Sources */,
				B7EC4ACA2487AE330035B496 /* Group.swift in Sources */,
				B7EC4AB724878DF10035B496 /* DataService.swift in Sources */,
				B7EC4ACB2487AE330035B496 /* Message.swift in Sources */,
				B7FD0C512497951500008BA6 /* TouchIDAuthentication.swift in Sources */,
				B71763C224864DEE00B98A6C /* LoginVM.swift in Sources */,
				B7A3D2AD2490DE5500CBD7B1 /* UIResponder+Current.swift in Sources */,
				B71763CA2486742000B98A6C /* ForgetPasswordView.swift in Sources */,
				B723A6C5248ECA25008C7D8B /* GroupView.swift in Sources */,
				B7EC4AC92487AE330035B496 /* User.swift in Sources */,
				B7D3C65C24962E2800B974BB /* ListScrollManagerView.swift in Sources */,
				B752A7122484F9BC00513FCF /* MainLoginView.swift in Sources */,
				B752A7102484F98700513FCF /* SettingsView.swift in Sources */,
				B752A6DE2484F7EF00513FCF /* AppDelegate.swift in Sources */,
				B7A3D2B02490F1EB00CBD7B1 /* TopGroupView.swift in Sources */,
				B7D3C6572492628400B974BB /* AddNewGruopView.swift in Sources */,
				B7EC4ACE2488DDFC0035B496 /* HomeTopView.swift in Sources */,
				B7A3D2B42490FC4800CBD7B1 /* TextShimmer.swift in Sources */,
				B7EC4AD22488E0080035B496 /* AddNewComment.swift in Sources */,
				B752A70E2484F87300513FCF /* MainView.swift in Sources */,
				B752A6E02484F7EF00513FCF /* SceneDelegate.swift in Sources */,
				B7FD0C542497966D00008BA6 /* KeychainHelper.swift in Sources */,
				B71763B4248639C100B98A6C /* LoginView.swift in Sources */,
				B7A3D2A02490B00900CBD7B1 /* MsgTail.swift in Sources */,
				B7D3C65E24974AE300B974BB /* MeView.swift in Sources */,
				B71763C624865C7100B98A6C /* CurrUserVM.swift in Sources */,
				B71763BC24864C1100B98A6C /* HomeScreenView.swift in Sources */,
				B7A3D2A22490B04100CBD7B1 /* RoundedShape.swift in Sources */,
				B71763B82486402400B98A6C /* ErrorView.swift in Sources */,
				B7EC4ABD24878F640035B496 /*  FeedVM.swift in Sources */,
				B7A3D2A42490B07C00CBD7B1 /* HomeCorenerShape.swift in Sources */,
				B723A6C3248EB90B008C7D8B /* AllGroupsView.swift in Sources */,
				B7A3D2A82490C89A00CBD7B1 /* KeyboardHeightPublisher.swift in Sources */,
				B7D3C6592496166500B974BB /* AuthService.swift in Sources */,
				B752A6E22484F7EF00513FCF /* ContentView.swift in Sources */,
				B7A3D2B22490F30B00CBD7B1 /* GroupChetCell.swift in Sources */,
				B7FD0C552497966D00008BA6 /* KeychainPasswordItem.swift in Sources */,
			);
			runOnlyForDeploymentPostprocessing = 0;
		};
		B752A6EC2484F7F100513FCF /* Sources */ = {
			isa = PBXSourcesBuildPhase;
			buildActionMask = 2147483647;
			files = (
				B752A6F52484F7F100513FCF /* testChatTests.swift in Sources */,
			);
			runOnlyForDeploymentPostprocessing = 0;
		};
		B752A6F72484F7F100513FCF /* Sources */ = {
			isa = PBXSourcesBuildPhase;
			buildActionMask = 2147483647;
			files = (
				B752A7002484F7F100513FCF /* testChatUITests.swift in Sources */,
			);
			runOnlyForDeploymentPostprocessing = 0;
		};
/* End PBXSourcesBuildPhase section */

/* Begin PBXTargetDependency section */
		B752A6F22484F7F100513FCF /* PBXTargetDependency */ = {
			isa = PBXTargetDependency;
			target = B752A6D92484F7EF00513FCF /* testChat */;
			targetProxy = B752A6F12484F7F100513FCF /* PBXContainerItemProxy */;
		};
		B752A6FD2484F7F100513FCF /* PBXTargetDependency */ = {
			isa = PBXTargetDependency;
			target = B752A6D92484F7EF00513FCF /* testChat */;
			targetProxy = B752A6FC2484F7F100513FCF /* PBXContainerItemProxy */;
		};
/* End PBXTargetDependency section */

/* Begin PBXVariantGroup section */
		B752A6E82484F7F100513FCF /* LaunchScreen.storyboard */ = {
			isa = PBXVariantGroup;
			children = (
				B752A6E92484F7F100513FCF /* Base */,
			);
			name = LaunchScreen.storyboard;
			sourceTree = "<group>";
		};
/* End PBXVariantGroup section */

/* Begin XCBuildConfiguration section */
		B752A7022484F7F100513FCF /* Debug */ = {
			isa = XCBuildConfiguration;
			buildSettings = {
				ALWAYS_SEARCH_USER_PATHS = NO;
				CLANG_ANALYZER_NONNULL = YES;
				CLANG_ANALYZER_NUMBER_OBJECT_CONVERSION = YES_AGGRESSIVE;
				CLANG_CXX_LANGUAGE_STANDARD = "gnu++14";
				CLANG_CXX_LIBRARY = "libc++";
				CLANG_ENABLE_MODULES = YES;
				CLANG_ENABLE_OBJC_ARC = YES;
				CLANG_ENABLE_OBJC_WEAK = YES;
				CLANG_WARN_BLOCK_CAPTURE_AUTORELEASING = YES;
				CLANG_WARN_BOOL_CONVERSION = YES;
				CLANG_WARN_COMMA = YES;
				CLANG_WARN_CONSTANT_CONVERSION = YES;
				CLANG_WARN_DEPRECATED_OBJC_IMPLEMENTATIONS = YES;
				CLANG_WARN_DIRECT_OBJC_ISA_USAGE = YES_ERROR;
				CLANG_WARN_DOCUMENTATION_COMMENTS = YES;
				CLANG_WARN_EMPTY_BODY = YES;
				CLANG_WARN_ENUM_CONVERSION = YES;
				CLANG_WARN_INFINITE_RECURSION = YES;
				CLANG_WARN_INT_CONVERSION = YES;
				CLANG_WARN_NON_LITERAL_NULL_CONVERSION = YES;
				CLANG_WARN_OBJC_IMPLICIT_RETAIN_SELF = YES;
				CLANG_WARN_OBJC_LITERAL_CONVERSION = YES;
				CLANG_WARN_OBJC_ROOT_CLASS = YES_ERROR;
				CLANG_WARN_RANGE_LOOP_ANALYSIS = YES;
				CLANG_WARN_STRICT_PROTOTYPES = YES;
				CLANG_WARN_SUSPICIOUS_MOVE = YES;
				CLANG_WARN_UNGUARDED_AVAILABILITY = YES_AGGRESSIVE;
				CLANG_WARN_UNREACHABLE_CODE = YES;
				CLANG_WARN__DUPLICATE_METHOD_MATCH = YES;
				COPY_PHASE_STRIP = NO;
				DEBUG_INFORMATION_FORMAT = dwarf;
				ENABLE_STRICT_OBJC_MSGSEND = YES;
				ENABLE_TESTABILITY = YES;
				GCC_C_LANGUAGE_STANDARD = gnu11;
				GCC_DYNAMIC_NO_PIC = NO;
				GCC_NO_COMMON_BLOCKS = YES;
				GCC_OPTIMIZATION_LEVEL = 0;
				GCC_PREPROCESSOR_DEFINITIONS = (
					"DEBUG=1",
					"$(inherited)",
				);
				GCC_WARN_64_TO_32_BIT_CONVERSION = YES;
				GCC_WARN_ABOUT_RETURN_TYPE = YES_ERROR;
				GCC_WARN_UNDECLARED_SELECTOR = YES;
				GCC_WARN_UNINITIALIZED_AUTOS = YES_AGGRESSIVE;
				GCC_WARN_UNUSED_FUNCTION = YES;
				GCC_WARN_UNUSED_VARIABLE = YES;
				IPHONEOS_DEPLOYMENT_TARGET = 13.2;
				MTL_ENABLE_DEBUG_INFO = INCLUDE_SOURCE;
				MTL_FAST_MATH = YES;
				ONLY_ACTIVE_ARCH = YES;
				SDKROOT = iphoneos;
				SWIFT_ACTIVE_COMPILATION_CONDITIONS = DEBUG;
				SWIFT_OPTIMIZATION_LEVEL = "-Onone";
			};
			name = Debug;
		};
		B752A7032484F7F100513FCF /* Release */ = {
			isa = XCBuildConfiguration;
			buildSettings = {
				ALWAYS_SEARCH_USER_PATHS = NO;
				CLANG_ANALYZER_NONNULL = YES;
				CLANG_ANALYZER_NUMBER_OBJECT_CONVERSION = YES_AGGRESSIVE;
				CLANG_CXX_LANGUAGE_STANDARD = "gnu++14";
				CLANG_CXX_LIBRARY = "libc++";
				CLANG_ENABLE_MODULES = YES;
				CLANG_ENABLE_OBJC_ARC = YES;
				CLANG_ENABLE_OBJC_WEAK = YES;
				CLANG_WARN_BLOCK_CAPTURE_AUTORELEASING = YES;
				CLANG_WARN_BOOL_CONVERSION = YES;
				CLANG_WARN_COMMA = YES;
				CLANG_WARN_CONSTANT_CONVERSION = YES;
				CLANG_WARN_DEPRECATED_OBJC_IMPLEMENTATIONS = YES;
				CLANG_WARN_DIRECT_OBJC_ISA_USAGE = YES_ERROR;
				CLANG_WARN_DOCUMENTATION_COMMENTS = YES;
				CLANG_WARN_EMPTY_BODY = YES;
				CLANG_WARN_ENUM_CONVERSION = YES;
				CLANG_WARN_INFINITE_RECURSION = YES;
				CLANG_WARN_INT_CONVERSION = YES;
				CLANG_WARN_NON_LITERAL_NULL_CONVERSION = YES;
				CLANG_WARN_OBJC_IMPLICIT_RETAIN_SELF = YES;
				CLANG_WARN_OBJC_LITERAL_CONVERSION = YES;
				CLANG_WARN_OBJC_ROOT_CLASS = YES_ERROR;
				CLANG_WARN_RANGE_LOOP_ANALYSIS = YES;
				CLANG_WARN_STRICT_PROTOTYPES = YES;
				CLANG_WARN_SUSPICIOUS_MOVE = YES;
				CLANG_WARN_UNGUARDED_AVAILABILITY = YES_AGGRESSIVE;
				CLANG_WARN_UNREACHABLE_CODE = YES;
				CLANG_WARN__DUPLICATE_METHOD_MATCH = YES;
				COPY_PHASE_STRIP = NO;
				DEBUG_INFORMATION_FORMAT = "dwarf-with-dsym";
				ENABLE_NS_ASSERTIONS = NO;
				ENABLE_STRICT_OBJC_MSGSEND = YES;
				GCC_C_LANGUAGE_STANDARD = gnu11;
				GCC_NO_COMMON_BLOCKS = YES;
				GCC_WARN_64_TO_32_BIT_CONVERSION = YES;
				GCC_WARN_ABOUT_RETURN_TYPE = YES_ERROR;
				GCC_WARN_UNDECLARED_SELECTOR = YES;
				GCC_WARN_UNINITIALIZED_AUTOS = YES_AGGRESSIVE;
				GCC_WARN_UNUSED_FUNCTION = YES;
				GCC_WARN_UNUSED_VARIABLE = YES;
				IPHONEOS_DEPLOYMENT_TARGET = 13.2;
				MTL_ENABLE_DEBUG_INFO = NO;
				MTL_FAST_MATH = YES;
				SDKROOT = iphoneos;
				SWIFT_COMPILATION_MODE = wholemodule;
				SWIFT_OPTIMIZATION_LEVEL = "-O";
				VALIDATE_PRODUCT = YES;
			};
			name = Release;
		};
		B752A7052484F7F100513FCF /* Debug */ = {
			isa = XCBuildConfiguration;
			baseConfigurationReference = 887CC1E8716DA181DA700106 /* Pods-testChat.debug.xcconfig */;
			buildSettings = {
				ASSETCATALOG_COMPILER_APPICON_NAME = AppIcon;
				CODE_SIGN_STYLE = Automatic;
				DEVELOPMENT_ASSET_PATHS = "\"testChat/Preview Content\"";
				DEVELOPMENT_TEAM = 69457SZR83;
				ENABLE_PREVIEWS = YES;
				INFOPLIST_FILE = testChat/Info.plist;
				IPHONEOS_DEPLOYMENT_TARGET = 13.5;
				LD_RUNPATH_SEARCH_PATHS = (
					"$(inherited)",
					"@executable_path/Frameworks",
				);
				PRODUCT_BUNDLE_IDENTIFIER = com.israel.berezin.Smack.IBBreakpoint;
				PRODUCT_NAME = "Live Chat";
				SWIFT_VERSION = 5.0;
				TARGETED_DEVICE_FAMILY = "1,2";
			};
			name = Debug;
		};
		B752A7062484F7F100513FCF /* Release */ = {
			isa = XCBuildConfiguration;
			baseConfigurationReference = 09AF9843C6E1A773AB14BA8E /* Pods-testChat.release.xcconfig */;
			buildSettings = {
				ASSETCATALOG_COMPILER_APPICON_NAME = AppIcon;
				CODE_SIGN_STYLE = Automatic;
				DEVELOPMENT_ASSET_PATHS = "\"testChat/Preview Content\"";
				DEVELOPMENT_TEAM = 69457SZR83;
				ENABLE_PREVIEWS = YES;
				INFOPLIST_FILE = testChat/Info.plist;
				IPHONEOS_DEPLOYMENT_TARGET = 13.5;
				LD_RUNPATH_SEARCH_PATHS = (
					"$(inherited)",
					"@executable_path/Frameworks",
				);
				PRODUCT_BUNDLE_IDENTIFIER = com.israel.berezin.Smack.IBBreakpoint;
				PRODUCT_NAME = "Live Chat";
				SWIFT_VERSION = 5.0;
				TARGETED_DEVICE_FAMILY = "1,2";
			};
			name = Release;
		};
		B752A7082484F7F100513FCF /* Debug */ = {
			isa = XCBuildConfiguration;
			baseConfigurationReference = 7C59291C4DB85931ADC343ED /* Pods-testChatTests.debug.xcconfig */;
			buildSettings = {
				ALWAYS_EMBED_SWIFT_STANDARD_LIBRARIES = YES;
				BUNDLE_LOADER = "$(TEST_HOST)";
				CODE_SIGN_STYLE = Automatic;
				INFOPLIST_FILE = testChatTests/Info.plist;
				IPHONEOS_DEPLOYMENT_TARGET = 13.2;
				LD_RUNPATH_SEARCH_PATHS = (
					"$(inherited)",
					"@executable_path/Frameworks",
					"@loader_path/Frameworks",
				);
				PRODUCT_BUNDLE_IDENTIFIER = com.berezin.israel.testChatTests;
				PRODUCT_NAME = "$(TARGET_NAME)";
				SWIFT_VERSION = 5.0;
				TARGETED_DEVICE_FAMILY = "1,2";
				TEST_HOST = "$(BUILT_PRODUCTS_DIR)/testChat.app/testChat";
			};
			name = Debug;
		};
		B752A7092484F7F100513FCF /* Release */ = {
			isa = XCBuildConfiguration;
			baseConfigurationReference = 5288AD38E430CFB1A01A155A /* Pods-testChatTests.release.xcconfig */;
			buildSettings = {
				ALWAYS_EMBED_SWIFT_STANDARD_LIBRARIES = YES;
				BUNDLE_LOADER = "$(TEST_HOST)";
				CODE_SIGN_STYLE = Automatic;
				INFOPLIST_FILE = testChatTests/Info.plist;
				IPHONEOS_DEPLOYMENT_TARGET = 13.2;
				LD_RUNPATH_SEARCH_PATHS = (
					"$(inherited)",
					"@executable_path/Frameworks",
					"@loader_path/Frameworks",
				);
				PRODUCT_BUNDLE_IDENTIFIER = com.berezin.israel.testChatTests;
				PRODUCT_NAME = "$(TARGET_NAME)";
				SWIFT_VERSION = 5.0;
				TARGETED_DEVICE_FAMILY = "1,2";
				TEST_HOST = "$(BUILT_PRODUCTS_DIR)/testChat.app/testChat";
			};
			name = Release;
		};
		B752A70B2484F7F100513FCF /* Debug */ = {
			isa = XCBuildConfiguration;
			baseConfigurationReference = 898873DBF31D77A45D14342E /* Pods-testChat-testChatUITests.debug.xcconfig */;
			buildSettings = {
				ALWAYS_EMBED_SWIFT_STANDARD_LIBRARIES = YES;
				CODE_SIGN_STYLE = Automatic;
				INFOPLIST_FILE = testChatUITests/Info.plist;
				LD_RUNPATH_SEARCH_PATHS = (
					"$(inherited)",
					"@executable_path/Frameworks",
					"@loader_path/Frameworks",
				);
				PRODUCT_BUNDLE_IDENTIFIER = com.berezin.israel.testChatUITests;
				PRODUCT_NAME = "$(TARGET_NAME)";
				SWIFT_VERSION = 5.0;
				TARGETED_DEVICE_FAMILY = "1,2";
				TEST_TARGET_NAME = testChat;
			};
			name = Debug;
		};
		B752A70C2484F7F100513FCF /* Release */ = {
			isa = XCBuildConfiguration;
			baseConfigurationReference = ABDA2F202FC3E47B91A5B50B /* Pods-testChat-testChatUITests.release.xcconfig */;
			buildSettings = {
				ALWAYS_EMBED_SWIFT_STANDARD_LIBRARIES = YES;
				CODE_SIGN_STYLE = Automatic;
				INFOPLIST_FILE = testChatUITests/Info.plist;
				LD_RUNPATH_SEARCH_PATHS = (
					"$(inherited)",
					"@executable_path/Frameworks",
					"@loader_path/Frameworks",
				);
				PRODUCT_BUNDLE_IDENTIFIER = com.berezin.israel.testChatUITests;
				PRODUCT_NAME = "$(TARGET_NAME)";
				SWIFT_VERSION = 5.0;
				TARGETED_DEVICE_FAMILY = "1,2";
				TEST_TARGET_NAME = testChat;
			};
			name = Release;
		};
/* End XCBuildConfiguration section */

/* Begin XCConfigurationList section */
		B752A6D52484F7EF00513FCF /* Build configuration list for PBXProject "testChat" */ = {
			isa = XCConfigurationList;
			buildConfigurations = (
				B752A7022484F7F100513FCF /* Debug */,
				B752A7032484F7F100513FCF /* Release */,
			);
			defaultConfigurationIsVisible = 0;
			defaultConfigurationName = Release;
		};
		B752A7042484F7F100513FCF /* Build configuration list for PBXNativeTarget "testChat" */ = {
			isa = XCConfigurationList;
			buildConfigurations = (
				B752A7052484F7F100513FCF /* Debug */,
				B752A7062484F7F100513FCF /* Release */,
			);
			defaultConfigurationIsVisible = 0;
			defaultConfigurationName = Release;
		};
		B752A7072484F7F100513FCF /* Build configuration list for PBXNativeTarget "testChatTests" */ = {
			isa = XCConfigurationList;
			buildConfigurations = (
				B752A7082484F7F100513FCF /* Debug */,
				B752A7092484F7F100513FCF /* Release */,
			);
			defaultConfigurationIsVisible = 0;
			defaultConfigurationName = Release;
		};
		B752A70A2484F7F100513FCF /* Build configuration list for PBXNativeTarget "testChatUITests" */ = {
			isa = XCConfigurationList;
			buildConfigurations = (
				B752A70B2484F7F100513FCF /* Debug */,
				B752A70C2484F7F100513FCF /* Release */,
			);
			defaultConfigurationIsVisible = 0;
			defaultConfigurationName = Release;
		};
/* End XCConfigurationList section */

/* Begin XCRemoteSwiftPackageReference section */
		B723A6BF248E24E2008C7D8B /* XCRemoteSwiftPackageReference "TextView" */ = {
			isa = XCRemoteSwiftPackageReference;
			repositoryURL = "https://github.com/kenmueller/TextView";
			requirement = {
				branch = master;
				kind = branch;
			};
		};
/* End XCRemoteSwiftPackageReference section */

/* Begin XCSwiftPackageProductDependency section */
		B723A6C0248E24E2008C7D8B /* TextView */ = {
			isa = XCSwiftPackageProductDependency;
			package = B723A6BF248E24E2008C7D8B /* XCRemoteSwiftPackageReference "TextView" */;
			productName = TextView;
		};
/* End XCSwiftPackageProductDependency section */
	};
	rootObject = B752A6D22484F7EF00513FCF /* Project object */;
}
